
Microsoft Visual Studio Solution File, Format Version 12.00
# Visual Studio Version 16
VisualStudioVersion = 16.0.31613.86
MinimumVisualStudioVersion = 10.0.40219.1
Project("{D954291E-2A0B-460D-934E-DC6B0785DB48}") = "ScanToChat.Shared", "ScanToChat\ScanToChat.Shared\ScanToChat.Shared.shproj", "{6279C845-92F8-4333-AB99-3D213163593C}"
EndProject
Project("{2150E333-8FDC-42A3-9474-1A3956D46DE8}") = "Platforms", "Platforms", "{F318B0C2-EE91-4CD2-AB88-C97DA5368CBA}"
EndProject
Project("{FAE04EC0-301F-11D3-BF4B-00C04F79EFBC}") = "ScanToChat.Droid", "ScanToChat\ScanToChat.Droid\ScanToChat.Droid.csproj", "{104AA6B3-43D5-49C4-80E6-0153F9CDB7F3}"
EndProject
Project("{FAE04EC0-301F-11D3-BF4B-00C04F79EFBC}") = "ScanToChat.iOS", "ScanToChat\ScanToChat.iOS\ScanToChat.iOS.csproj", "{055415D2-1B52-4B40-8ACA-E93C3EFD5E6E}"
EndProject
Project("{FAE04EC0-301F-11D3-BF4B-00C04F79EFBC}") = "ScanToChat.UWP", "ScanToChat\ScanToChat.UWP\ScanToChat.UWP.csproj", "{C0A98D7A-13F7-4128-BC44-F8E07BAFD335}"
EndProject
Project("{FAE04EC0-301F-11D3-BF4B-00C04F79EFBC}") = "ScanToChat.Wasm", "ScanToChat\ScanToChat.Wasm\ScanToChat.Wasm.csproj", "{1F21D918-C77A-4B30-AE1B-EE10565D431E}"
EndProject
Project("{FAE04EC0-301F-11D3-BF4B-00C04F79EFBC}") = "ScanToChat.macOS", "ScanToChat\ScanToChat.macOS\ScanToChat.macOS.csproj", "{A4F015BE-7A3F-4992-9E61-909BFA23FA86}"
EndProject
Project("{FAE04EC0-301F-11D3-BF4B-00C04F79EFBC}") = "ScanToChat.Skia.Wpf.Host", "ScanToChat\ScanToChat.Skia.Wpf.Host\ScanToChat.Skia.Wpf.Host.csproj", "{8C409194-0899-4E64-AC1A-5DF9FC54C8B1}"
EndProject
Project("{FAE04EC0-301F-11D3-BF4B-00C04F79EFBC}") = "ScanToChat.Skia.Wpf", "ScanToChat\ScanToChat.Skia.Wpf\ScanToChat.Skia.Wpf.csproj", "{C287C28A-40F1-405C-8290-1C8D812A4D02}"
EndProject
Project("{FAE04EC0-301F-11D3-BF4B-00C04F79EFBC}") = "ScanToChat.Skia.Gtk", "ScanToChat\ScanToChat.Skia.Gtk\ScanToChat.Skia.Gtk.csproj", "{9E9042F1-0B61-4793-B7B9-DF228BDD7FD0}"
EndProject
Project("{FAE04EC0-301F-11D3-BF4B-00C04F79EFBC}") = "ScanToChat.Skia.Tizen", "ScanToChat\ScanToChat.Skia.Tizen\ScanToChat.Skia.Tizen.csproj", "{0AD7A785-499D-4AD7-87AC-5A15128B08E4}"
EndProject
Global
	GlobalSection(SharedMSBuildProjectFiles) = preSolution
		ScanToChat\ScanToChat.Shared\ScanToChat.Shared.projitems*{055415d2-1b52-4b40-8aca-e93c3efd5e6e}*SharedItemsImports = 4
		ScanToChat\ScanToChat.Shared\ScanToChat.Shared.projitems*{0ad7a785-499d-4ad7-87ac-5a15128b08e4}*SharedItemsImports = 5
		ScanToChat\ScanToChat.Shared\ScanToChat.Shared.projitems*{104aa6b3-43d5-49c4-80e6-0153f9cdb7f3}*SharedItemsImports = 4
		ScanToChat\ScanToChat.Shared\ScanToChat.Shared.projitems*{1f21d918-c77a-4b30-ae1b-ee10565d431e}*SharedItemsImports = 5
		ScanToChat\ScanToChat.Shared\ScanToChat.Shared.projitems*{6279c845-92f8-4333-ab99-3d213163593c}*SharedItemsImports = 13
		ScanToChat\ScanToChat.Shared\ScanToChat.Shared.projitems*{9e9042f1-0b61-4793-b7b9-df228bdd7fd0}*SharedItemsImports = 5
		ScanToChat\ScanToChat.Shared\ScanToChat.Shared.projitems*{a4f015be-7a3f-4992-9e61-909bfa23fa86}*SharedItemsImports = 4
		ScanToChat\ScanToChat.Shared\ScanToChat.Shared.projitems*{c0a98d7a-13f7-4128-bc44-f8e07bafd335}*SharedItemsImports = 4
		ScanToChat\ScanToChat.Shared\ScanToChat.Shared.projitems*{c287c28a-40f1-405c-8290-1c8d812a4d02}*SharedItemsImports = 5
	EndGlobalSection
	GlobalSection(SolutionConfigurationPlatforms) = preSolution
		Ad-Hoc|Any CPU = Ad-Hoc|Any CPU
		Ad-Hoc|ARM = Ad-Hoc|ARM
		Ad-Hoc|ARM64 = Ad-Hoc|ARM64
		Ad-Hoc|iPhone = Ad-Hoc|iPhone
		Ad-Hoc|iPhoneSimulator = Ad-Hoc|iPhoneSimulator
		Ad-Hoc|x64 = Ad-Hoc|x64
		Ad-Hoc|x86 = Ad-Hoc|x86
		AppStore|Any CPU = AppStore|Any CPU
		AppStore|ARM = AppStore|ARM
		AppStore|ARM64 = AppStore|ARM64
		AppStore|iPhone = AppStore|iPhone
		AppStore|iPhoneSimulator = AppStore|iPhoneSimulator
		AppStore|x64 = AppStore|x64
		AppStore|x86 = AppStore|x86
		Debug|Any CPU = Debug|Any CPU
		Debug|ARM = Debug|ARM
		Debug|ARM64 = Debug|ARM64
		Debug|iPhone = Debug|iPhone
		Debug|iPhoneSimulator = Debug|iPhoneSimulator
		Debug|x64 = Debug|x64
		Debug|x86 = Debug|x86
		Release|Any CPU = Release|Any CPU
		Release|ARM = Release|ARM
		Release|ARM64 = Release|ARM64
		Release|iPhone = Release|iPhone
		Release|iPhoneSimulator = Release|iPhoneSimulator
		Release|x64 = Release|x64
		Release|x86 = Release|x86
	EndGlobalSection
	GlobalSection(ProjectConfigurationPlatforms) = postSolution
		{104AA6B3-43D5-49C4-80E6-0153F9CDB7F3}.Ad-Hoc|Any CPU.ActiveCfg = Debug|Any CPU
		{104AA6B3-43D5-49C4-80E6-0153F9CDB7F3}.Ad-Hoc|Any CPU.Build.0 = Debug|Any CPU
		{104AA6B3-43D5-49C4-80E6-0153F9CDB7F3}.Ad-Hoc|Any CPU.Deploy.0 = Debug|Any CPU
		{104AA6B3-43D5-49C4-80E6-0153F9CDB7F3}.Ad-Hoc|ARM.ActiveCfg = Debug|Any CPU
		{104AA6B3-43D5-49C4-80E6-0153F9CDB7F3}.Ad-Hoc|ARM.Build.0 = Debug|Any CPU
		{104AA6B3-43D5-49C4-80E6-0153F9CDB7F3}.Ad-Hoc|ARM.Deploy.0 = Debug|Any CPU
		{104AA6B3-43D5-49C4-80E6-0153F9CDB7F3}.Ad-Hoc|ARM64.ActiveCfg = Debug|Any CPU
		{104AA6B3-43D5-49C4-80E6-0153F9CDB7F3}.Ad-Hoc|ARM64.Build.0 = Debug|Any CPU
		{104AA6B3-43D5-49C4-80E6-0153F9CDB7F3}.Ad-Hoc|ARM64.Deploy.0 = Debug|Any CPU
		{104AA6B3-43D5-49C4-80E6-0153F9CDB7F3}.Ad-Hoc|iPhone.ActiveCfg = Debug|Any CPU
		{104AA6B3-43D5-49C4-80E6-0153F9CDB7F3}.Ad-Hoc|iPhone.Build.0 = Debug|Any CPU
		{104AA6B3-43D5-49C4-80E6-0153F9CDB7F3}.Ad-Hoc|iPhone.Deploy.0 = Debug|Any CPU
		{104AA6B3-43D5-49C4-80E6-0153F9CDB7F3}.Ad-Hoc|iPhoneSimulator.ActiveCfg = Debug|Any CPU
		{104AA6B3-43D5-49C4-80E6-0153F9CDB7F3}.Ad-Hoc|iPhoneSimulator.Build.0 = Debug|Any CPU
		{104AA6B3-43D5-49C4-80E6-0153F9CDB7F3}.Ad-Hoc|iPhoneSimulator.Deploy.0 = Debug|Any CPU
		{104AA6B3-43D5-49C4-80E6-0153F9CDB7F3}.Ad-Hoc|x64.ActiveCfg = Debug|Any CPU
		{104AA6B3-43D5-49C4-80E6-0153F9CDB7F3}.Ad-Hoc|x64.Build.0 = Debug|Any CPU
		{104AA6B3-43D5-49C4-80E6-0153F9CDB7F3}.Ad-Hoc|x64.Deploy.0 = Debug|Any CPU
		{104AA6B3-43D5-49C4-80E6-0153F9CDB7F3}.Ad-Hoc|x86.ActiveCfg = Debug|Any CPU
		{104AA6B3-43D5-49C4-80E6-0153F9CDB7F3}.Ad-Hoc|x86.Build.0 = Debug|Any CPU
		{104AA6B3-43D5-49C4-80E6-0153F9CDB7F3}.Ad-Hoc|x86.Deploy.0 = Debug|Any CPU
		{104AA6B3-43D5-49C4-80E6-0153F9CDB7F3}.AppStore|Any CPU.ActiveCfg = Debug|Any CPU
		{104AA6B3-43D5-49C4-80E6-0153F9CDB7F3}.AppStore|Any CPU.Build.0 = Debug|Any CPU
		{104AA6B3-43D5-49C4-80E6-0153F9CDB7F3}.AppStore|Any CPU.Deploy.0 = Debug|Any CPU
		{104AA6B3-43D5-49C4-80E6-0153F9CDB7F3}.AppStore|ARM.ActiveCfg = Debug|Any CPU
		{104AA6B3-43D5-49C4-80E6-0153F9CDB7F3}.AppStore|ARM.Build.0 = Debug|Any CPU
		{104AA6B3-43D5-49C4-80E6-0153F9CDB7F3}.AppStore|ARM.Deploy.0 = Debug|Any CPU
		{104AA6B3-43D5-49C4-80E6-0153F9CDB7F3}.AppStore|ARM64.ActiveCfg = Debug|Any CPU
		{104AA6B3-43D5-49C4-80E6-0153F9CDB7F3}.AppStore|ARM64.Build.0 = Debug|Any CPU
		{104AA6B3-43D5-49C4-80E6-0153F9CDB7F3}.AppStore|ARM64.Deploy.0 = Debug|Any CPU
		{104AA6B3-43D5-49C4-80E6-0153F9CDB7F3}.AppStore|iPhone.ActiveCfg = Debug|Any CPU
		{104AA6B3-43D5-49C4-80E6-0153F9CDB7F3}.AppStore|iPhone.Build.0 = Debug|Any CPU
		{104AA6B3-43D5-49C4-80E6-0153F9CDB7F3}.AppStore|iPhone.Deploy.0 = Debug|Any CPU
		{104AA6B3-43D5-49C4-80E6-0153F9CDB7F3}.AppStore|iPhoneSimulator.ActiveCfg = Debug|Any CPU
		{104AA6B3-43D5-49C4-80E6-0153F9CDB7F3}.AppStore|iPhoneSimulator.Build.0 = Debug|Any CPU
		{104AA6B3-43D5-49C4-80E6-0153F9CDB7F3}.AppStore|iPhoneSimulator.Deploy.0 = Debug|Any CPU
		{104AA6B3-43D5-49C4-80E6-0153F9CDB7F3}.AppStore|x64.ActiveCfg = Debug|Any CPU
		{104AA6B3-43D5-49C4-80E6-0153F9CDB7F3}.AppStore|x64.Build.0 = Debug|Any CPU
		{104AA6B3-43D5-49C4-80E6-0153F9CDB7F3}.AppStore|x64.Deploy.0 = Debug|Any CPU
		{104AA6B3-43D5-49C4-80E6-0153F9CDB7F3}.AppStore|x86.ActiveCfg = Debug|Any CPU
		{104AA6B3-43D5-49C4-80E6-0153F9CDB7F3}.AppStore|x86.Build.0 = Debug|Any CPU
		{104AA6B3-43D5-49C4-80E6-0153F9CDB7F3}.AppStore|x86.Deploy.0 = Debug|Any CPU
		{104AA6B3-43D5-49C4-80E6-0153F9CDB7F3}.Debug|Any CPU.ActiveCfg = Debug|Any CPU
		{104AA6B3-43D5-49C4-80E6-0153F9CDB7F3}.Debug|Any CPU.Build.0 = Debug|Any CPU
		{104AA6B3-43D5-49C4-80E6-0153F9CDB7F3}.Debug|Any CPU.Deploy.0 = Debug|Any CPU
		{104AA6B3-43D5-49C4-80E6-0153F9CDB7F3}.Debug|ARM.ActiveCfg = Debug|Any CPU
		{104AA6B3-43D5-49C4-80E6-0153F9CDB7F3}.Debug|ARM.Build.0 = Debug|Any CPU
		{104AA6B3-43D5-49C4-80E6-0153F9CDB7F3}.Debug|ARM.Deploy.0 = Debug|Any CPU
		{104AA6B3-43D5-49C4-80E6-0153F9CDB7F3}.Debug|ARM64.ActiveCfg = Debug|Any CPU
		{104AA6B3-43D5-49C4-80E6-0153F9CDB7F3}.Debug|ARM64.Build.0 = Debug|Any CPU
		{104AA6B3-43D5-49C4-80E6-0153F9CDB7F3}.Debug|ARM64.Deploy.0 = Debug|Any CPU
		{104AA6B3-43D5-49C4-80E6-0153F9CDB7F3}.Debug|iPhone.ActiveCfg = Debug|Any CPU
		{104AA6B3-43D5-49C4-80E6-0153F9CDB7F3}.Debug|iPhone.Build.0 = Debug|Any CPU
		{104AA6B3-43D5-49C4-80E6-0153F9CDB7F3}.Debug|iPhone.Deploy.0 = Debug|Any CPU
		{104AA6B3-43D5-49C4-80E6-0153F9CDB7F3}.Debug|iPhoneSimulator.ActiveCfg = Debug|Any CPU
		{104AA6B3-43D5-49C4-80E6-0153F9CDB7F3}.Debug|iPhoneSimulator.Build.0 = Debug|Any CPU
		{104AA6B3-43D5-49C4-80E6-0153F9CDB7F3}.Debug|iPhoneSimulator.Deploy.0 = Debug|Any CPU
		{104AA6B3-43D5-49C4-80E6-0153F9CDB7F3}.Debug|x64.ActiveCfg = Debug|Any CPU
		{104AA6B3-43D5-49C4-80E6-0153F9CDB7F3}.Debug|x64.Build.0 = Debug|Any CPU
		{104AA6B3-43D5-49C4-80E6-0153F9CDB7F3}.Debug|x64.Deploy.0 = Debug|Any CPU
		{104AA6B3-43D5-49C4-80E6-0153F9CDB7F3}.Debug|x86.ActiveCfg = Debug|Any CPU
		{104AA6B3-43D5-49C4-80E6-0153F9CDB7F3}.Debug|x86.Build.0 = Debug|Any CPU
		{104AA6B3-43D5-49C4-80E6-0153F9CDB7F3}.Debug|x86.Deploy.0 = Debug|Any CPU
		{104AA6B3-43D5-49C4-80E6-0153F9CDB7F3}.Release|Any CPU.ActiveCfg = Release|Any CPU
		{104AA6B3-43D5-49C4-80E6-0153F9CDB7F3}.Release|Any CPU.Build.0 = Release|Any CPU
		{104AA6B3-43D5-49C4-80E6-0153F9CDB7F3}.Release|Any CPU.Deploy.0 = Release|Any CPU
		{104AA6B3-43D5-49C4-80E6-0153F9CDB7F3}.Release|ARM.ActiveCfg = Release|Any CPU
		{104AA6B3-43D5-49C4-80E6-0153F9CDB7F3}.Release|ARM.Build.0 = Release|Any CPU
		{104AA6B3-43D5-49C4-80E6-0153F9CDB7F3}.Release|ARM.Deploy.0 = Release|Any CPU
		{104AA6B3-43D5-49C4-80E6-0153F9CDB7F3}.Release|ARM64.ActiveCfg = Release|Any CPU
		{104AA6B3-43D5-49C4-80E6-0153F9CDB7F3}.Release|ARM64.Build.0 = Release|Any CPU
		{104AA6B3-43D5-49C4-80E6-0153F9CDB7F3}.Release|ARM64.Deploy.0 = Release|Any CPU
		{104AA6B3-43D5-49C4-80E6-0153F9CDB7F3}.Release|iPhone.ActiveCfg = Release|Any CPU
		{104AA6B3-43D5-49C4-80E6-0153F9CDB7F3}.Release|iPhone.Build.0 = Release|Any CPU
		{104AA6B3-43D5-49C4-80E6-0153F9CDB7F3}.Release|iPhone.Deploy.0 = Release|Any CPU
		{104AA6B3-43D5-49C4-80E6-0153F9CDB7F3}.Release|iPhoneSimulator.ActiveCfg = Release|Any CPU
		{104AA6B3-43D5-49C4-80E6-0153F9CDB7F3}.Release|iPhoneSimulator.Build.0 = Release|Any CPU
		{104AA6B3-43D5-49C4-80E6-0153F9CDB7F3}.Release|iPhoneSimulator.Deploy.0 = Release|Any CPU
		{104AA6B3-43D5-49C4-80E6-0153F9CDB7F3}.Release|x64.ActiveCfg = Release|Any CPU
		{104AA6B3-43D5-49C4-80E6-0153F9CDB7F3}.Release|x64.Build.0 = Release|Any CPU
		{104AA6B3-43D5-49C4-80E6-0153F9CDB7F3}.Release|x64.Deploy.0 = Release|Any CPU
		{104AA6B3-43D5-49C4-80E6-0153F9CDB7F3}.Release|x86.ActiveCfg = Release|Any CPU
		{104AA6B3-43D5-49C4-80E6-0153F9CDB7F3}.Release|x86.Build.0 = Release|Any CPU
		{104AA6B3-43D5-49C4-80E6-0153F9CDB7F3}.Release|x86.Deploy.0 = Release|Any CPU
		{055415D2-1B52-4B40-8ACA-E93C3EFD5E6E}.Ad-Hoc|Any CPU.ActiveCfg = Ad-Hoc|iPhoneSimulator
		{055415D2-1B52-4B40-8ACA-E93C3EFD5E6E}.Ad-Hoc|ARM.ActiveCfg = Ad-Hoc|iPhoneSimulator
		{055415D2-1B52-4B40-8ACA-E93C3EFD5E6E}.Ad-Hoc|ARM64.ActiveCfg = Ad-Hoc|iPhoneSimulator
		{055415D2-1B52-4B40-8ACA-E93C3EFD5E6E}.Ad-Hoc|iPhone.ActiveCfg = Ad-Hoc|iPhone
		{055415D2-1B52-4B40-8ACA-E93C3EFD5E6E}.Ad-Hoc|iPhone.Build.0 = Ad-Hoc|iPhone
		{055415D2-1B52-4B40-8ACA-E93C3EFD5E6E}.Ad-Hoc|iPhoneSimulator.ActiveCfg = Ad-Hoc|iPhoneSimulator
		{055415D2-1B52-4B40-8ACA-E93C3EFD5E6E}.Ad-Hoc|iPhoneSimulator.Build.0 = Ad-Hoc|iPhoneSimulator
		{055415D2-1B52-4B40-8ACA-E93C3EFD5E6E}.Ad-Hoc|x64.ActiveCfg = Ad-Hoc|iPhoneSimulator
		{055415D2-1B52-4B40-8ACA-E93C3EFD5E6E}.Ad-Hoc|x86.ActiveCfg = Ad-Hoc|iPhoneSimulator
		{055415D2-1B52-4B40-8ACA-E93C3EFD5E6E}.AppStore|Any CPU.ActiveCfg = AppStore|iPhoneSimulator
		{055415D2-1B52-4B40-8ACA-E93C3EFD5E6E}.AppStore|ARM.ActiveCfg = AppStore|iPhoneSimulator
		{055415D2-1B52-4B40-8ACA-E93C3EFD5E6E}.AppStore|ARM64.ActiveCfg = AppStore|iPhoneSimulator
		{055415D2-1B52-4B40-8ACA-E93C3EFD5E6E}.AppStore|iPhone.ActiveCfg = AppStore|iPhone
		{055415D2-1B52-4B40-8ACA-E93C3EFD5E6E}.AppStore|iPhone.Build.0 = AppStore|iPhone
		{055415D2-1B52-4B40-8ACA-E93C3EFD5E6E}.AppStore|iPhoneSimulator.ActiveCfg = AppStore|iPhoneSimulator
		{055415D2-1B52-4B40-8ACA-E93C3EFD5E6E}.AppStore|iPhoneSimulator.Build.0 = AppStore|iPhoneSimulator
		{055415D2-1B52-4B40-8ACA-E93C3EFD5E6E}.AppStore|x64.ActiveCfg = AppStore|iPhoneSimulator
		{055415D2-1B52-4B40-8ACA-E93C3EFD5E6E}.AppStore|x86.ActiveCfg = AppStore|iPhoneSimulator
		{055415D2-1B52-4B40-8ACA-E93C3EFD5E6E}.Debug|Any CPU.ActiveCfg = Debug|iPhoneSimulator
		{055415D2-1B52-4B40-8ACA-E93C3EFD5E6E}.Debug|ARM.ActiveCfg = Debug|iPhoneSimulator
		{055415D2-1B52-4B40-8ACA-E93C3EFD5E6E}.Debug|ARM64.ActiveCfg = Debug|iPhoneSimulator
		{055415D2-1B52-4B40-8ACA-E93C3EFD5E6E}.Debug|iPhone.ActiveCfg = Debug|iPhone
		{055415D2-1B52-4B40-8ACA-E93C3EFD5E6E}.Debug|iPhone.Build.0 = Debug|iPhone
		{055415D2-1B52-4B40-8ACA-E93C3EFD5E6E}.Debug|iPhoneSimulator.ActiveCfg = Debug|iPhoneSimulator
		{055415D2-1B52-4B40-8ACA-E93C3EFD5E6E}.Debug|iPhoneSimulator.Build.0 = Debug|iPhoneSimulator
		{055415D2-1B52-4B40-8ACA-E93C3EFD5E6E}.Debug|x64.ActiveCfg = Debug|iPhoneSimulator
		{055415D2-1B52-4B40-8ACA-E93C3EFD5E6E}.Debug|x86.ActiveCfg = Debug|iPhoneSimulator
		{055415D2-1B52-4B40-8ACA-E93C3EFD5E6E}.Release|Any CPU.ActiveCfg = Release|iPhoneSimulator
		{055415D2-1B52-4B40-8ACA-E93C3EFD5E6E}.Release|ARM.ActiveCfg = Release|iPhoneSimulator
		{055415D2-1B52-4B40-8ACA-E93C3EFD5E6E}.Release|ARM64.ActiveCfg = Release|iPhoneSimulator
		{055415D2-1B52-4B40-8ACA-E93C3EFD5E6E}.Release|iPhone.ActiveCfg = Release|iPhone
		{055415D2-1B52-4B40-8ACA-E93C3EFD5E6E}.Release|iPhone.Build.0 = Release|iPhone
		{055415D2-1B52-4B40-8ACA-E93C3EFD5E6E}.Release|iPhoneSimulator.ActiveCfg = Release|iPhoneSimulator
		{055415D2-1B52-4B40-8ACA-E93C3EFD5E6E}.Release|iPhoneSimulator.Build.0 = Release|iPhoneSimulator
		{055415D2-1B52-4B40-8ACA-E93C3EFD5E6E}.Release|x64.ActiveCfg = Release|iPhoneSimulator
		{055415D2-1B52-4B40-8ACA-E93C3EFD5E6E}.Release|x86.ActiveCfg = Release|iPhoneSimulator
		{C0A98D7A-13F7-4128-BC44-F8E07BAFD335}.Ad-Hoc|Any CPU.ActiveCfg = Debug|x86
		{C0A98D7A-13F7-4128-BC44-F8E07BAFD335}.Ad-Hoc|Any CPU.Build.0 = Debug|x86
		{C0A98D7A-13F7-4128-BC44-F8E07BAFD335}.Ad-Hoc|Any CPU.Deploy.0 = Debug|x86
		{C0A98D7A-13F7-4128-BC44-F8E07BAFD335}.Ad-Hoc|ARM.ActiveCfg = Debug|ARM
		{C0A98D7A-13F7-4128-BC44-F8E07BAFD335}.Ad-Hoc|ARM.Build.0 = Debug|ARM
		{C0A98D7A-13F7-4128-BC44-F8E07BAFD335}.Ad-Hoc|ARM.Deploy.0 = Debug|ARM
		{C0A98D7A-13F7-4128-BC44-F8E07BAFD335}.Ad-Hoc|ARM64.ActiveCfg = Debug|ARM64
		{C0A98D7A-13F7-4128-BC44-F8E07BAFD335}.Ad-Hoc|ARM64.Build.0 = Debug|ARM64
		{C0A98D7A-13F7-4128-BC44-F8E07BAFD335}.Ad-Hoc|ARM64.Deploy.0 = Debug|ARM64
		{C0A98D7A-13F7-4128-BC44-F8E07BAFD335}.Ad-Hoc|iPhone.ActiveCfg = Debug|x86
		{C0A98D7A-13F7-4128-BC44-F8E07BAFD335}.Ad-Hoc|iPhone.Build.0 = Debug|x86
		{C0A98D7A-13F7-4128-BC44-F8E07BAFD335}.Ad-Hoc|iPhone.Deploy.0 = Debug|x86
		{C0A98D7A-13F7-4128-BC44-F8E07BAFD335}.Ad-Hoc|iPhoneSimulator.ActiveCfg = Debug|x86
		{C0A98D7A-13F7-4128-BC44-F8E07BAFD335}.Ad-Hoc|iPhoneSimulator.Build.0 = Debug|x86
		{C0A98D7A-13F7-4128-BC44-F8E07BAFD335}.Ad-Hoc|iPhoneSimulator.Deploy.0 = Debug|x86
		{C0A98D7A-13F7-4128-BC44-F8E07BAFD335}.Ad-Hoc|x64.ActiveCfg = Debug|x64
		{C0A98D7A-13F7-4128-BC44-F8E07BAFD335}.Ad-Hoc|x64.Build.0 = Debug|x64
		{C0A98D7A-13F7-4128-BC44-F8E07BAFD335}.Ad-Hoc|x64.Deploy.0 = Debug|x64
		{C0A98D7A-13F7-4128-BC44-F8E07BAFD335}.Ad-Hoc|x86.ActiveCfg = Debug|x86
		{C0A98D7A-13F7-4128-BC44-F8E07BAFD335}.Ad-Hoc|x86.Build.0 = Debug|x86
		{C0A98D7A-13F7-4128-BC44-F8E07BAFD335}.Ad-Hoc|x86.Deploy.0 = Debug|x86
		{C0A98D7A-13F7-4128-BC44-F8E07BAFD335}.AppStore|Any CPU.ActiveCfg = Debug|x86
		{C0A98D7A-13F7-4128-BC44-F8E07BAFD335}.AppStore|Any CPU.Build.0 = Debug|x86
		{C0A98D7A-13F7-4128-BC44-F8E07BAFD335}.AppStore|Any CPU.Deploy.0 = Debug|x86
		{C0A98D7A-13F7-4128-BC44-F8E07BAFD335}.AppStore|ARM.ActiveCfg = Debug|ARM
		{C0A98D7A-13F7-4128-BC44-F8E07BAFD335}.AppStore|ARM.Build.0 = Debug|ARM
		{C0A98D7A-13F7-4128-BC44-F8E07BAFD335}.AppStore|ARM.Deploy.0 = Debug|ARM
		{C0A98D7A-13F7-4128-BC44-F8E07BAFD335}.AppStore|ARM64.ActiveCfg = Debug|ARM64
		{C0A98D7A-13F7-4128-BC44-F8E07BAFD335}.AppStore|ARM64.Build.0 = Debug|ARM64
		{C0A98D7A-13F7-4128-BC44-F8E07BAFD335}.AppStore|ARM64.Deploy.0 = Debug|ARM64
		{C0A98D7A-13F7-4128-BC44-F8E07BAFD335}.AppStore|iPhone.ActiveCfg = Debug|x86
		{C0A98D7A-13F7-4128-BC44-F8E07BAFD335}.AppStore|iPhone.Build.0 = Debug|x86
		{C0A98D7A-13F7-4128-BC44-F8E07BAFD335}.AppStore|iPhone.Deploy.0 = Debug|x86
		{C0A98D7A-13F7-4128-BC44-F8E07BAFD335}.AppStore|iPhoneSimulator.ActiveCfg = Debug|x86
		{C0A98D7A-13F7-4128-BC44-F8E07BAFD335}.AppStore|iPhoneSimulator.Build.0 = Debug|x86
		{C0A98D7A-13F7-4128-BC44-F8E07BAFD335}.AppStore|iPhoneSimulator.Deploy.0 = Debug|x86
		{C0A98D7A-13F7-4128-BC44-F8E07BAFD335}.AppStore|x64.ActiveCfg = Debug|x64
		{C0A98D7A-13F7-4128-BC44-F8E07BAFD335}.AppStore|x64.Build.0 = Debug|x64
		{C0A98D7A-13F7-4128-BC44-F8E07BAFD335}.AppStore|x64.Deploy.0 = Debug|x64
		{C0A98D7A-13F7-4128-BC44-F8E07BAFD335}.AppStore|x86.ActiveCfg = Debug|x86
		{C0A98D7A-13F7-4128-BC44-F8E07BAFD335}.AppStore|x86.Build.0 = Debug|x86
		{C0A98D7A-13F7-4128-BC44-F8E07BAFD335}.AppStore|x86.Deploy.0 = Debug|x86
		{C0A98D7A-13F7-4128-BC44-F8E07BAFD335}.Debug|Any CPU.ActiveCfg = Debug|x86
		{C0A98D7A-13F7-4128-BC44-F8E07BAFD335}.Debug|Any CPU.Build.0 = Debug|x86
		{C0A98D7A-13F7-4128-BC44-F8E07BAFD335}.Debug|Any CPU.Deploy.0 = Debug|x86
		{C0A98D7A-13F7-4128-BC44-F8E07BAFD335}.Debug|ARM.ActiveCfg = Debug|ARM
		{C0A98D7A-13F7-4128-BC44-F8E07BAFD335}.Debug|ARM.Build.0 = Debug|ARM
		{C0A98D7A-13F7-4128-BC44-F8E07BAFD335}.Debug|ARM.Deploy.0 = Debug|ARM
		{C0A98D7A-13F7-4128-BC44-F8E07BAFD335}.Debug|ARM64.ActiveCfg = Debug|ARM64
		{C0A98D7A-13F7-4128-BC44-F8E07BAFD335}.Debug|ARM64.Build.0 = Debug|ARM64
		{C0A98D7A-13F7-4128-BC44-F8E07BAFD335}.Debug|ARM64.Deploy.0 = Debug|ARM64
		{C0A98D7A-13F7-4128-BC44-F8E07BAFD335}.Debug|iPhone.ActiveCfg = Debug|x86
		{C0A98D7A-13F7-4128-BC44-F8E07BAFD335}.Debug|iPhoneSimulator.ActiveCfg = Debug|x86
		{C0A98D7A-13F7-4128-BC44-F8E07BAFD335}.Debug|x64.ActiveCfg = Debug|x64
		{C0A98D7A-13F7-4128-BC44-F8E07BAFD335}.Debug|x64.Build.0 = Debug|x64
		{C0A98D7A-13F7-4128-BC44-F8E07BAFD335}.Debug|x64.Deploy.0 = Debug|x64
		{C0A98D7A-13F7-4128-BC44-F8E07BAFD335}.Debug|x86.ActiveCfg = Debug|x86
		{C0A98D7A-13F7-4128-BC44-F8E07BAFD335}.Debug|x86.Build.0 = Debug|x86
		{C0A98D7A-13F7-4128-BC44-F8E07BAFD335}.Debug|x86.Deploy.0 = Debug|x86
		{C0A98D7A-13F7-4128-BC44-F8E07BAFD335}.Release|Any CPU.ActiveCfg = Release|x86
		{C0A98D7A-13F7-4128-BC44-F8E07BAFD335}.Release|ARM.ActiveCfg = Release|ARM
		{C0A98D7A-13F7-4128-BC44-F8E07BAFD335}.Release|ARM.Build.0 = Release|ARM
		{C0A98D7A-13F7-4128-BC44-F8E07BAFD335}.Release|ARM.Deploy.0 = Release|ARM
		{C0A98D7A-13F7-4128-BC44-F8E07BAFD335}.Release|ARM64.ActiveCfg = Release|ARM64
		{C0A98D7A-13F7-4128-BC44-F8E07BAFD335}.Release|ARM64.Build.0 = Release|ARM64
		{C0A98D7A-13F7-4128-BC44-F8E07BAFD335}.Release|ARM64.Deploy.0 = Release|ARM64
		{C0A98D7A-13F7-4128-BC44-F8E07BAFD335}.Release|iPhone.ActiveCfg = Release|x86
		{C0A98D7A-13F7-4128-BC44-F8E07BAFD335}.Release|iPhoneSimulator.ActiveCfg = Release|x86
		{C0A98D7A-13F7-4128-BC44-F8E07BAFD335}.Release|x64.ActiveCfg = Release|x64
		{C0A98D7A-13F7-4128-BC44-F8E07BAFD335}.Release|x64.Build.0 = Release|x64
		{C0A98D7A-13F7-4128-BC44-F8E07BAFD335}.Release|x64.Deploy.0 = Release|x64
		{C0A98D7A-13F7-4128-BC44-F8E07BAFD335}.Release|x86.ActiveCfg = Release|x86
		{C0A98D7A-13F7-4128-BC44-F8E07BAFD335}.Release|x86.Build.0 = Release|x86
		{C0A98D7A-13F7-4128-BC44-F8E07BAFD335}.Release|x86.Deploy.0 = Release|x86
		{1F21D918-C77A-4B30-AE1B-EE10565D431E}.Ad-Hoc|Any CPU.ActiveCfg = Debug|Any CPU
		{1F21D918-C77A-4B30-AE1B-EE10565D431E}.Ad-Hoc|Any CPU.Build.0 = Debug|Any CPU
		{1F21D918-C77A-4B30-AE1B-EE10565D431E}.Ad-Hoc|ARM.ActiveCfg = Debug|Any CPU
		{1F21D918-C77A-4B30-AE1B-EE10565D431E}.Ad-Hoc|ARM.Build.0 = Debug|Any CPU
		{1F21D918-C77A-4B30-AE1B-EE10565D431E}.Ad-Hoc|ARM64.ActiveCfg = Debug|Any CPU
		{1F21D918-C77A-4B30-AE1B-EE10565D431E}.Ad-Hoc|ARM64.Build.0 = Debug|Any CPU
		{1F21D918-C77A-4B30-AE1B-EE10565D431E}.Ad-Hoc|iPhone.ActiveCfg = Debug|Any CPU
		{1F21D918-C77A-4B30-AE1B-EE10565D431E}.Ad-Hoc|iPhone.Build.0 = Debug|Any CPU
		{1F21D918-C77A-4B30-AE1B-EE10565D431E}.Ad-Hoc|iPhoneSimulator.ActiveCfg = Debug|Any CPU
		{1F21D918-C77A-4B30-AE1B-EE10565D431E}.Ad-Hoc|iPhoneSimulator.Build.0 = Debug|Any CPU
		{1F21D918-C77A-4B30-AE1B-EE10565D431E}.Ad-Hoc|x64.ActiveCfg = Debug|Any CPU
		{1F21D918-C77A-4B30-AE1B-EE10565D431E}.Ad-Hoc|x64.Build.0 = Debug|Any CPU
		{1F21D918-C77A-4B30-AE1B-EE10565D431E}.Ad-Hoc|x86.ActiveCfg = Debug|Any CPU
		{1F21D918-C77A-4B30-AE1B-EE10565D431E}.Ad-Hoc|x86.Build.0 = Debug|Any CPU
		{1F21D918-C77A-4B30-AE1B-EE10565D431E}.AppStore|Any CPU.ActiveCfg = Debug|Any CPU
		{1F21D918-C77A-4B30-AE1B-EE10565D431E}.AppStore|Any CPU.Build.0 = Debug|Any CPU
		{1F21D918-C77A-4B30-AE1B-EE10565D431E}.AppStore|ARM.ActiveCfg = Debug|Any CPU
		{1F21D918-C77A-4B30-AE1B-EE10565D431E}.AppStore|ARM.Build.0 = Debug|Any CPU
		{1F21D918-C77A-4B30-AE1B-EE10565D431E}.AppStore|ARM64.ActiveCfg = Debug|Any CPU
		{1F21D918-C77A-4B30-AE1B-EE10565D431E}.AppStore|ARM64.Build.0 = Debug|Any CPU
		{1F21D918-C77A-4B30-AE1B-EE10565D431E}.AppStore|iPhone.ActiveCfg = Debug|Any CPU
		{1F21D918-C77A-4B30-AE1B-EE10565D431E}.AppStore|iPhone.Build.0 = Debug|Any CPU
		{1F21D918-C77A-4B30-AE1B-EE10565D431E}.AppStore|iPhoneSimulator.ActiveCfg = Debug|Any CPU
		{1F21D918-C77A-4B30-AE1B-EE10565D431E}.AppStore|iPhoneSimulator.Build.0 = Debug|Any CPU
		{1F21D918-C77A-4B30-AE1B-EE10565D431E}.AppStore|x64.ActiveCfg = Debug|Any CPU
		{1F21D918-C77A-4B30-AE1B-EE10565D431E}.AppStore|x64.Build.0 = Debug|Any CPU
		{1F21D918-C77A-4B30-AE1B-EE10565D431E}.AppStore|x86.ActiveCfg = Debug|Any CPU
		{1F21D918-C77A-4B30-AE1B-EE10565D431E}.AppStore|x86.Build.0 = Debug|Any CPU
		{1F21D918-C77A-4B30-AE1B-EE10565D431E}.Debug|Any CPU.ActiveCfg = Debug|Any CPU
		{1F21D918-C77A-4B30-AE1B-EE10565D431E}.Debug|Any CPU.Build.0 = Debug|Any CPU
		{1F21D918-C77A-4B30-AE1B-EE10565D431E}.Debug|ARM.ActiveCfg = Debug|Any CPU
		{1F21D918-C77A-4B30-AE1B-EE10565D431E}.Debug|ARM.Build.0 = Debug|Any CPU
		{1F21D918-C77A-4B30-AE1B-EE10565D431E}.Debug|ARM64.ActiveCfg = Debug|Any CPU
		{1F21D918-C77A-4B30-AE1B-EE10565D431E}.Debug|ARM64.Build.0 = Debug|Any CPU
		{1F21D918-C77A-4B30-AE1B-EE10565D431E}.Debug|iPhone.ActiveCfg = Debug|Any CPU
		{1F21D918-C77A-4B30-AE1B-EE10565D431E}.Debug|iPhone.Build.0 = Debug|Any CPU
		{1F21D918-C77A-4B30-AE1B-EE10565D431E}.Debug|iPhoneSimulator.ActiveCfg = Debug|Any CPU
		{1F21D918-C77A-4B30-AE1B-EE10565D431E}.Debug|iPhoneSimulator.Build.0 = Debug|Any CPU
		{1F21D918-C77A-4B30-AE1B-EE10565D431E}.Debug|x64.ActiveCfg = Debug|Any CPU
		{1F21D918-C77A-4B30-AE1B-EE10565D431E}.Debug|x64.Build.0 = Debug|Any CPU
		{1F21D918-C77A-4B30-AE1B-EE10565D431E}.Debug|x86.ActiveCfg = Debug|Any CPU
		{1F21D918-C77A-4B30-AE1B-EE10565D431E}.Debug|x86.Build.0 = Debug|Any CPU
		{1F21D918-C77A-4B30-AE1B-EE10565D431E}.Release|Any CPU.ActiveCfg = Release|Any CPU
		{1F21D918-C77A-4B30-AE1B-EE10565D431E}.Release|Any CPU.Build.0 = Release|Any CPU
		{1F21D918-C77A-4B30-AE1B-EE10565D431E}.Release|ARM.ActiveCfg = Release|Any CPU
		{1F21D918-C77A-4B30-AE1B-EE10565D431E}.Release|ARM.Build.0 = Release|Any CPU
		{1F21D918-C77A-4B30-AE1B-EE10565D431E}.Release|ARM64.ActiveCfg = Release|Any CPU
		{1F21D918-C77A-4B30-AE1B-EE10565D431E}.Release|ARM64.Build.0 = Release|Any CPU
		{1F21D918-C77A-4B30-AE1B-EE10565D431E}.Release|iPhone.ActiveCfg = Release|Any CPU
		{1F21D918-C77A-4B30-AE1B-EE10565D431E}.Release|iPhone.Build.0 = Release|Any CPU
		{1F21D918-C77A-4B30-AE1B-EE10565D431E}.Release|iPhoneSimulator.ActiveCfg = Release|Any CPU
		{1F21D918-C77A-4B30-AE1B-EE10565D431E}.Release|iPhoneSimulator.Build.0 = Release|Any CPU
		{1F21D918-C77A-4B30-AE1B-EE10565D431E}.Release|x64.ActiveCfg = Release|Any CPU
		{1F21D918-C77A-4B30-AE1B-EE10565D431E}.Release|x64.Build.0 = Release|Any CPU
		{1F21D918-C77A-4B30-AE1B-EE10565D431E}.Release|x86.ActiveCfg = Release|Any CPU
		{1F21D918-C77A-4B30-AE1B-EE10565D431E}.Release|x86.Build.0 = Release|Any CPU
		{A4F015BE-7A3F-4992-9E61-909BFA23FA86}.Ad-Hoc|Any CPU.ActiveCfg = Debug|iPhoneSimulator
		{A4F015BE-7A3F-4992-9E61-909BFA23FA86}.Ad-Hoc|Any CPU.Build.0 = Debug|iPhoneSimulator
		{A4F015BE-7A3F-4992-9E61-909BFA23FA86}.Ad-Hoc|ARM.ActiveCfg = Debug|iPhoneSimulator
		{A4F015BE-7A3F-4992-9E61-909BFA23FA86}.Ad-Hoc|ARM.Build.0 = Debug|iPhoneSimulator
		{A4F015BE-7A3F-4992-9E61-909BFA23FA86}.Ad-Hoc|ARM64.ActiveCfg = Debug|iPhoneSimulator
		{A4F015BE-7A3F-4992-9E61-909BFA23FA86}.Ad-Hoc|ARM64.Build.0 = Debug|iPhoneSimulator
		{A4F015BE-7A3F-4992-9E61-909BFA23FA86}.Ad-Hoc|iPhone.ActiveCfg = Debug|iPhoneSimulator
		{A4F015BE-7A3F-4992-9E61-909BFA23FA86}.Ad-Hoc|iPhone.Build.0 = Debug|iPhoneSimulator
		{A4F015BE-7A3F-4992-9E61-909BFA23FA86}.Ad-Hoc|iPhoneSimulator.ActiveCfg = Debug|iPhoneSimulator
		{A4F015BE-7A3F-4992-9E61-909BFA23FA86}.Ad-Hoc|iPhoneSimulator.Build.0 = Debug|iPhoneSimulator
		{A4F015BE-7A3F-4992-9E61-909BFA23FA86}.Ad-Hoc|x64.ActiveCfg = Debug|iPhoneSimulator
		{A4F015BE-7A3F-4992-9E61-909BFA23FA86}.Ad-Hoc|x64.Build.0 = Debug|iPhoneSimulator
		{A4F015BE-7A3F-4992-9E61-909BFA23FA86}.Ad-Hoc|x86.ActiveCfg = Debug|iPhoneSimulator
		{A4F015BE-7A3F-4992-9E61-909BFA23FA86}.Ad-Hoc|x86.Build.0 = Debug|iPhoneSimulator
		{A4F015BE-7A3F-4992-9E61-909BFA23FA86}.AppStore|Any CPU.ActiveCfg = Debug|iPhoneSimulator
		{A4F015BE-7A3F-4992-9E61-909BFA23FA86}.AppStore|Any CPU.Build.0 = Debug|iPhoneSimulator
		{A4F015BE-7A3F-4992-9E61-909BFA23FA86}.AppStore|ARM.ActiveCfg = Debug|iPhoneSimulator
		{A4F015BE-7A3F-4992-9E61-909BFA23FA86}.AppStore|ARM.Build.0 = Debug|iPhoneSimulator
		{A4F015BE-7A3F-4992-9E61-909BFA23FA86}.AppStore|ARM64.ActiveCfg = Debug|iPhoneSimulator
		{A4F015BE-7A3F-4992-9E61-909BFA23FA86}.AppStore|ARM64.Build.0 = Debug|iPhoneSimulator
		{A4F015BE-7A3F-4992-9E61-909BFA23FA86}.AppStore|iPhone.ActiveCfg = Debug|iPhoneSimulator
		{A4F015BE-7A3F-4992-9E61-909BFA23FA86}.AppStore|iPhone.Build.0 = Debug|iPhoneSimulator
		{A4F015BE-7A3F-4992-9E61-909BFA23FA86}.AppStore|iPhoneSimulator.ActiveCfg = Debug|iPhoneSimulator
		{A4F015BE-7A3F-4992-9E61-909BFA23FA86}.AppStore|iPhoneSimulator.Build.0 = Debug|iPhoneSimulator
		{A4F015BE-7A3F-4992-9E61-909BFA23FA86}.AppStore|x64.ActiveCfg = Debug|iPhoneSimulator
		{A4F015BE-7A3F-4992-9E61-909BFA23FA86}.AppStore|x64.Build.0 = Debug|iPhoneSimulator
		{A4F015BE-7A3F-4992-9E61-909BFA23FA86}.AppStore|x86.ActiveCfg = Debug|iPhoneSimulator
		{A4F015BE-7A3F-4992-9E61-909BFA23FA86}.AppStore|x86.Build.0 = Debug|iPhoneSimulator
		{A4F015BE-7A3F-4992-9E61-909BFA23FA86}.Debug|Any CPU.ActiveCfg = Debug|iPhoneSimulator
		{A4F015BE-7A3F-4992-9E61-909BFA23FA86}.Debug|ARM.ActiveCfg = Debug|iPhoneSimulator
		{A4F015BE-7A3F-4992-9E61-909BFA23FA86}.Debug|ARM64.ActiveCfg = Debug|iPhoneSimulator
		{A4F015BE-7A3F-4992-9E61-909BFA23FA86}.Debug|iPhone.ActiveCfg = Debug|iPhoneSimulator
		{A4F015BE-7A3F-4992-9E61-909BFA23FA86}.Debug|iPhoneSimulator.ActiveCfg = Debug|iPhoneSimulator
		{A4F015BE-7A3F-4992-9E61-909BFA23FA86}.Debug|iPhoneSimulator.Build.0 = Debug|iPhoneSimulator
		{A4F015BE-7A3F-4992-9E61-909BFA23FA86}.Debug|x64.ActiveCfg = Debug|iPhoneSimulator
		{A4F015BE-7A3F-4992-9E61-909BFA23FA86}.Debug|x86.ActiveCfg = Debug|iPhoneSimulator
		{A4F015BE-7A3F-4992-9E61-909BFA23FA86}.Release|Any CPU.ActiveCfg = Release|iPhoneSimulator
		{A4F015BE-7A3F-4992-9E61-909BFA23FA86}.Release|ARM.ActiveCfg = Release|iPhoneSimulator
		{A4F015BE-7A3F-4992-9E61-909BFA23FA86}.Release|ARM64.ActiveCfg = Release|iPhoneSimulator
		{A4F015BE-7A3F-4992-9E61-909BFA23FA86}.Release|iPhone.ActiveCfg = Release|iPhoneSimulator
		{A4F015BE-7A3F-4992-9E61-909BFA23FA86}.Release|iPhoneSimulator.ActiveCfg = Release|iPhoneSimulator
		{A4F015BE-7A3F-4992-9E61-909BFA23FA86}.Release|iPhoneSimulator.Build.0 = Release|iPhoneSimulator
		{A4F015BE-7A3F-4992-9E61-909BFA23FA86}.Release|x64.ActiveCfg = Release|iPhoneSimulator
		{A4F015BE-7A3F-4992-9E61-909BFA23FA86}.Release|x86.ActiveCfg = Release|iPhoneSimulator
		{8C409194-0899-4E64-AC1A-5DF9FC54C8B1}.Ad-Hoc|Any CPU.ActiveCfg = Debug|Any CPU
		{8C409194-0899-4E64-AC1A-5DF9FC54C8B1}.Ad-Hoc|Any CPU.Build.0 = Debug|Any CPU
		{8C409194-0899-4E64-AC1A-5DF9FC54C8B1}.Ad-Hoc|ARM.ActiveCfg = Debug|Any CPU
		{8C409194-0899-4E64-AC1A-5DF9FC54C8B1}.Ad-Hoc|ARM.Build.0 = Debug|Any CPU
		{8C409194-0899-4E64-AC1A-5DF9FC54C8B1}.Ad-Hoc|ARM64.ActiveCfg = Debug|Any CPU
		{8C409194-0899-4E64-AC1A-5DF9FC54C8B1}.Ad-Hoc|ARM64.Build.0 = Debug|Any CPU
		{8C409194-0899-4E64-AC1A-5DF9FC54C8B1}.Ad-Hoc|iPhone.ActiveCfg = Debug|Any CPU
		{8C409194-0899-4E64-AC1A-5DF9FC54C8B1}.Ad-Hoc|iPhone.Build.0 = Debug|Any CPU
		{8C409194-0899-4E64-AC1A-5DF9FC54C8B1}.Ad-Hoc|iPhoneSimulator.ActiveCfg = Debug|Any CPU
		{8C409194-0899-4E64-AC1A-5DF9FC54C8B1}.Ad-Hoc|iPhoneSimulator.Build.0 = Debug|Any CPU
		{8C409194-0899-4E64-AC1A-5DF9FC54C8B1}.Ad-Hoc|x64.ActiveCfg = Debug|Any CPU
		{8C409194-0899-4E64-AC1A-5DF9FC54C8B1}.Ad-Hoc|x64.Build.0 = Debug|Any CPU
		{8C409194-0899-4E64-AC1A-5DF9FC54C8B1}.Ad-Hoc|x86.ActiveCfg = Debug|Any CPU
		{8C409194-0899-4E64-AC1A-5DF9FC54C8B1}.Ad-Hoc|x86.Build.0 = Debug|Any CPU
		{8C409194-0899-4E64-AC1A-5DF9FC54C8B1}.AppStore|Any CPU.ActiveCfg = Debug|Any CPU
		{8C409194-0899-4E64-AC1A-5DF9FC54C8B1}.AppStore|Any CPU.Build.0 = Debug|Any CPU
		{8C409194-0899-4E64-AC1A-5DF9FC54C8B1}.AppStore|ARM.ActiveCfg = Debug|Any CPU
		{8C409194-0899-4E64-AC1A-5DF9FC54C8B1}.AppStore|ARM.Build.0 = Debug|Any CPU
		{8C409194-0899-4E64-AC1A-5DF9FC54C8B1}.AppStore|ARM64.ActiveCfg = Debug|Any CPU
		{8C409194-0899-4E64-AC1A-5DF9FC54C8B1}.AppStore|ARM64.Build.0 = Debug|Any CPU
		{8C409194-0899-4E64-AC1A-5DF9FC54C8B1}.AppStore|iPhone.ActiveCfg = Debug|Any CPU
		{8C409194-0899-4E64-AC1A-5DF9FC54C8B1}.AppStore|iPhone.Build.0 = Debug|Any CPU
		{8C409194-0899-4E64-AC1A-5DF9FC54C8B1}.AppStore|iPhoneSimulator.ActiveCfg = Debug|Any CPU
		{8C409194-0899-4E64-AC1A-5DF9FC54C8B1}.AppStore|iPhoneSimulator.Build.0 = Debug|Any CPU
		{8C409194-0899-4E64-AC1A-5DF9FC54C8B1}.AppStore|x64.ActiveCfg = Debug|Any CPU
		{8C409194-0899-4E64-AC1A-5DF9FC54C8B1}.AppStore|x64.Build.0 = Debug|Any CPU
		{8C409194-0899-4E64-AC1A-5DF9FC54C8B1}.AppStore|x86.ActiveCfg = Debug|Any CPU
		{8C409194-0899-4E64-AC1A-5DF9FC54C8B1}.AppStore|x86.Build.0 = Debug|Any CPU
		{8C409194-0899-4E64-AC1A-5DF9FC54C8B1}.Debug|Any CPU.ActiveCfg = Debug|Any CPU
		{8C409194-0899-4E64-AC1A-5DF9FC54C8B1}.Debug|Any CPU.Build.0 = Debug|Any CPU
		{8C409194-0899-4E64-AC1A-5DF9FC54C8B1}.Debug|ARM.ActiveCfg = Debug|Any CPU
		{8C409194-0899-4E64-AC1A-5DF9FC54C8B1}.Debug|ARM.Build.0 = Debug|Any CPU
		{8C409194-0899-4E64-AC1A-5DF9FC54C8B1}.Debug|ARM64.ActiveCfg = Debug|Any CPU
		{8C409194-0899-4E64-AC1A-5DF9FC54C8B1}.Debug|ARM64.Build.0 = Debug|Any CPU
		{8C409194-0899-4E64-AC1A-5DF9FC54C8B1}.Debug|iPhone.ActiveCfg = Debug|Any CPU
		{8C409194-0899-4E64-AC1A-5DF9FC54C8B1}.Debug|iPhone.Build.0 = Debug|Any CPU
		{8C409194-0899-4E64-AC1A-5DF9FC54C8B1}.Debug|iPhoneSimulator.ActiveCfg = Debug|Any CPU
		{8C409194-0899-4E64-AC1A-5DF9FC54C8B1}.Debug|iPhoneSimulator.Build.0 = Debug|Any CPU
		{8C409194-0899-4E64-AC1A-5DF9FC54C8B1}.Debug|x64.ActiveCfg = Debug|Any CPU
		{8C409194-0899-4E64-AC1A-5DF9FC54C8B1}.Debug|x64.Build.0 = Debug|Any CPU
		{8C409194-0899-4E64-AC1A-5DF9FC54C8B1}.Debug|x86.ActiveCfg = Debug|Any CPU
		{8C409194-0899-4E64-AC1A-5DF9FC54C8B1}.Debug|x86.Build.0 = Debug|Any CPU
		{8C409194-0899-4E64-AC1A-5DF9FC54C8B1}.Release|Any CPU.ActiveCfg = Release|Any CPU
		{8C409194-0899-4E64-AC1A-5DF9FC54C8B1}.Release|Any CPU.Build.0 = Release|Any CPU
		{8C409194-0899-4E64-AC1A-5DF9FC54C8B1}.Release|ARM.ActiveCfg = Release|Any CPU
		{8C409194-0899-4E64-AC1A-5DF9FC54C8B1}.Release|ARM.Build.0 = Release|Any CPU
		{8C409194-0899-4E64-AC1A-5DF9FC54C8B1}.Release|ARM64.ActiveCfg = Release|Any CPU
		{8C409194-0899-4E64-AC1A-5DF9FC54C8B1}.Release|ARM64.Build.0 = Release|Any CPU
		{8C409194-0899-4E64-AC1A-5DF9FC54C8B1}.Release|iPhone.ActiveCfg = Release|Any CPU
		{8C409194-0899-4E64-AC1A-5DF9FC54C8B1}.Release|iPhone.Build.0 = Release|Any CPU
		{8C409194-0899-4E64-AC1A-5DF9FC54C8B1}.Release|iPhoneSimulator.ActiveCfg = Release|Any CPU
		{8C409194-0899-4E64-AC1A-5DF9FC54C8B1}.Release|iPhoneSimulator.Build.0 = Release|Any CPU
		{8C409194-0899-4E64-AC1A-5DF9FC54C8B1}.Release|x64.ActiveCfg = Release|Any CPU
		{8C409194-0899-4E64-AC1A-5DF9FC54C8B1}.Release|x64.Build.0 = Release|Any CPU
		{8C409194-0899-4E64-AC1A-5DF9FC54C8B1}.Release|x86.ActiveCfg = Release|Any CPU
		{8C409194-0899-4E64-AC1A-5DF9FC54C8B1}.Release|x86.Build.0 = Release|Any CPU
		{C287C28A-40F1-405C-8290-1C8D812A4D02}.Ad-Hoc|Any CPU.ActiveCfg = Debug|Any CPU
		{C287C28A-40F1-405C-8290-1C8D812A4D02}.Ad-Hoc|Any CPU.Build.0 = Debug|Any CPU
		{C287C28A-40F1-405C-8290-1C8D812A4D02}.Ad-Hoc|ARM.ActiveCfg = Debug|Any CPU
		{C287C28A-40F1-405C-8290-1C8D812A4D02}.Ad-Hoc|ARM.Build.0 = Debug|Any CPU
		{C287C28A-40F1-405C-8290-1C8D812A4D02}.Ad-Hoc|ARM64.ActiveCfg = Debug|Any CPU
		{C287C28A-40F1-405C-8290-1C8D812A4D02}.Ad-Hoc|ARM64.Build.0 = Debug|Any CPU
		{C287C28A-40F1-405C-8290-1C8D812A4D02}.Ad-Hoc|iPhone.ActiveCfg = Debug|Any CPU
		{C287C28A-40F1-405C-8290-1C8D812A4D02}.Ad-Hoc|iPhone.Build.0 = Debug|Any CPU
		{C287C28A-40F1-405C-8290-1C8D812A4D02}.Ad-Hoc|iPhoneSimulator.ActiveCfg = Debug|Any CPU
		{C287C28A-40F1-405C-8290-1C8D812A4D02}.Ad-Hoc|iPhoneSimulator.Build.0 = Debug|Any CPU
		{C287C28A-40F1-405C-8290-1C8D812A4D02}.Ad-Hoc|x64.ActiveCfg = Debug|Any CPU
		{C287C28A-40F1-405C-8290-1C8D812A4D02}.Ad-Hoc|x64.Build.0 = Debug|Any CPU
		{C287C28A-40F1-405C-8290-1C8D812A4D02}.Ad-Hoc|x86.ActiveCfg = Debug|Any CPU
		{C287C28A-40F1-405C-8290-1C8D812A4D02}.Ad-Hoc|x86.Build.0 = Debug|Any CPU
		{C287C28A-40F1-405C-8290-1C8D812A4D02}.AppStore|Any CPU.ActiveCfg = Debug|Any CPU
		{C287C28A-40F1-405C-8290-1C8D812A4D02}.AppStore|Any CPU.Build.0 = Debug|Any CPU
		{C287C28A-40F1-405C-8290-1C8D812A4D02}.AppStore|ARM.ActiveCfg = Debug|Any CPU
		{C287C28A-40F1-405C-8290-1C8D812A4D02}.AppStore|ARM.Build.0 = Debug|Any CPU
		{C287C28A-40F1-405C-8290-1C8D812A4D02}.AppStore|ARM64.ActiveCfg = Debug|Any CPU
		{C287C28A-40F1-405C-8290-1C8D812A4D02}.AppStore|ARM64.Build.0 = Debug|Any CPU
		{C287C28A-40F1-405C-8290-1C8D812A4D02}.AppStore|iPhone.ActiveCfg = Debug|Any CPU
		{C287C28A-40F1-405C-8290-1C8D812A4D02}.AppStore|iPhone.Build.0 = Debug|Any CPU
		{C287C28A-40F1-405C-8290-1C8D812A4D02}.AppStore|iPhoneSimulator.ActiveCfg = Debug|Any CPU
		{C287C28A-40F1-405C-8290-1C8D812A4D02}.AppStore|iPhoneSimulator.Build.0 = Debug|Any CPU
		{C287C28A-40F1-405C-8290-1C8D812A4D02}.AppStore|x64.ActiveCfg = Debug|Any CPU
		{C287C28A-40F1-405C-8290-1C8D812A4D02}.AppStore|x64.Build.0 = Debug|Any CPU
		{C287C28A-40F1-405C-8290-1C8D812A4D02}.AppStore|x86.ActiveCfg = Debug|Any CPU
		{C287C28A-40F1-405C-8290-1C8D812A4D02}.AppStore|x86.Build.0 = Debug|Any CPU
		{C287C28A-40F1-405C-8290-1C8D812A4D02}.Debug|Any CPU.ActiveCfg = Debug|Any CPU
		{C287C28A-40F1-405C-8290-1C8D812A4D02}.Debug|Any CPU.Build.0 = Debug|Any CPU
		{C287C28A-40F1-405C-8290-1C8D812A4D02}.Debug|ARM.ActiveCfg = Debug|Any CPU
		{C287C28A-40F1-405C-8290-1C8D812A4D02}.Debug|ARM.Build.0 = Debug|Any CPU
		{C287C28A-40F1-405C-8290-1C8D812A4D02}.Debug|ARM64.ActiveCfg = Debug|Any CPU
		{C287C28A-40F1-405C-8290-1C8D812A4D02}.Debug|ARM64.Build.0 = Debug|Any CPU
		{C287C28A-40F1-405C-8290-1C8D812A4D02}.Debug|iPhone.ActiveCfg = Debug|Any CPU
		{C287C28A-40F1-405C-8290-1C8D812A4D02}.Debug|iPhone.Build.0 = Debug|Any CPU
		{C287C28A-40F1-405C-8290-1C8D812A4D02}.Debug|iPhoneSimulator.ActiveCfg = Debug|Any CPU
		{C287C28A-40F1-405C-8290-1C8D812A4D02}.Debug|iPhoneSimulator.Build.0 = Debug|Any CPU
		{C287C28A-40F1-405C-8290-1C8D812A4D02}.Debug|x64.ActiveCfg = Debug|Any CPU
		{C287C28A-40F1-405C-8290-1C8D812A4D02}.Debug|x64.Build.0 = Debug|Any CPU
		{C287C28A-40F1-405C-8290-1C8D812A4D02}.Debug|x86.ActiveCfg = Debug|Any CPU
		{C287C28A-40F1-405C-8290-1C8D812A4D02}.Debug|x86.Build.0 = Debug|Any CPU
		{C287C28A-40F1-405C-8290-1C8D812A4D02}.Release|Any CPU.ActiveCfg = Release|Any CPU
		{C287C28A-40F1-405C-8290-1C8D812A4D02}.Release|Any CPU.Build.0 = Release|Any CPU
		{C287C28A-40F1-405C-8290-1C8D812A4D02}.Release|ARM.ActiveCfg = Release|Any CPU
		{C287C28A-40F1-405C-8290-1C8D812A4D02}.Release|ARM.Build.0 = Release|Any CPU
		{C287C28A-40F1-405C-8290-1C8D812A4D02}.Release|ARM64.ActiveCfg = Release|Any CPU
		{C287C28A-40F1-405C-8290-1C8D812A4D02}.Release|ARM64.Build.0 = Release|Any CPU
		{C287C28A-40F1-405C-8290-1C8D812A4D02}.Release|iPhone.ActiveCfg = Release|Any CPU
		{C287C28A-40F1-405C-8290-1C8D812A4D02}.Release|iPhone.Build.0 = Release|Any CPU
		{C287C28A-40F1-405C-8290-1C8D812A4D02}.Release|iPhoneSimulator.ActiveCfg = Release|Any CPU
		{C287C28A-40F1-405C-8290-1C8D812A4D02}.Release|iPhoneSimulator.Build.0 = Release|Any CPU
		{C287C28A-40F1-405C-8290-1C8D812A4D02}.Release|x64.ActiveCfg = Release|Any CPU
		{C287C28A-40F1-405C-8290-1C8D812A4D02}.Release|x64.Build.0 = Release|Any CPU
		{C287C28A-40F1-405C-8290-1C8D812A4D02}.Release|x86.ActiveCfg = Release|Any CPU
		{C287C28A-40F1-405C-8290-1C8D812A4D02}.Release|x86.Build.0 = Release|Any CPU
		{9E9042F1-0B61-4793-B7B9-DF228BDD7FD0}.Ad-Hoc|Any CPU.ActiveCfg = Debug|Any CPU
		{9E9042F1-0B61-4793-B7B9-DF228BDD7FD0}.Ad-Hoc|Any CPU.Build.0 = Debug|Any CPU
		{9E9042F1-0B61-4793-B7B9-DF228BDD7FD0}.Ad-Hoc|ARM.ActiveCfg = Debug|Any CPU
		{9E9042F1-0B61-4793-B7B9-DF228BDD7FD0}.Ad-Hoc|ARM.Build.0 = Debug|Any CPU
		{9E9042F1-0B61-4793-B7B9-DF228BDD7FD0}.Ad-Hoc|ARM64.ActiveCfg = Debug|Any CPU
		{9E9042F1-0B61-4793-B7B9-DF228BDD7FD0}.Ad-Hoc|ARM64.Build.0 = Debug|Any CPU
		{9E9042F1-0B61-4793-B7B9-DF228BDD7FD0}.Ad-Hoc|iPhone.ActiveCfg = Debug|Any CPU
		{9E9042F1-0B61-4793-B7B9-DF228BDD7FD0}.Ad-Hoc|iPhone.Build.0 = Debug|Any CPU
		{9E9042F1-0B61-4793-B7B9-DF228BDD7FD0}.Ad-Hoc|iPhoneSimulator.ActiveCfg = Debug|Any CPU
		{9E9042F1-0B61-4793-B7B9-DF228BDD7FD0}.Ad-Hoc|iPhoneSimulator.Build.0 = Debug|Any CPU
		{9E9042F1-0B61-4793-B7B9-DF228BDD7FD0}.Ad-Hoc|x64.ActiveCfg = Debug|Any CPU
		{9E9042F1-0B61-4793-B7B9-DF228BDD7FD0}.Ad-Hoc|x64.Build.0 = Debug|Any CPU
		{9E9042F1-0B61-4793-B7B9-DF228BDD7FD0}.Ad-Hoc|x86.ActiveCfg = Debug|Any CPU
		{9E9042F1-0B61-4793-B7B9-DF228BDD7FD0}.Ad-Hoc|x86.Build.0 = Debug|Any CPU
		{9E9042F1-0B61-4793-B7B9-DF228BDD7FD0}.AppStore|Any CPU.ActiveCfg = Debug|Any CPU
		{9E9042F1-0B61-4793-B7B9-DF228BDD7FD0}.AppStore|Any CPU.Build.0 = Debug|Any CPU
		{9E9042F1-0B61-4793-B7B9-DF228BDD7FD0}.AppStore|ARM.ActiveCfg = Debug|Any CPU
		{9E9042F1-0B61-4793-B7B9-DF228BDD7FD0}.AppStore|ARM.Build.0 = Debug|Any CPU
		{9E9042F1-0B61-4793-B7B9-DF228BDD7FD0}.AppStore|ARM64.ActiveCfg = Debug|Any CPU
		{9E9042F1-0B61-4793-B7B9-DF228BDD7FD0}.AppStore|ARM64.Build.0 = Debug|Any CPU
		{9E9042F1-0B61-4793-B7B9-DF228BDD7FD0}.AppStore|iPhone.ActiveCfg = Debug|Any CPU
		{9E9042F1-0B61-4793-B7B9-DF228BDD7FD0}.AppStore|iPhone.Build.0 = Debug|Any CPU
		{9E9042F1-0B61-4793-B7B9-DF228BDD7FD0}.AppStore|iPhoneSimulator.ActiveCfg = Debug|Any CPU
		{9E9042F1-0B61-4793-B7B9-DF228BDD7FD0}.AppStore|iPhoneSimulator.Build.0 = Debug|Any CPU
		{9E9042F1-0B61-4793-B7B9-DF228BDD7FD0}.AppStore|x64.ActiveCfg = Debug|Any CPU
		{9E9042F1-0B61-4793-B7B9-DF228BDD7FD0}.AppStore|x64.Build.0 = Debug|Any CPU
		{9E9042F1-0B61-4793-B7B9-DF228BDD7FD0}.AppStore|x86.ActiveCfg = Debug|Any CPU
		{9E9042F1-0B61-4793-B7B9-DF228BDD7FD0}.AppStore|x86.Build.0 = Debug|Any CPU
		{9E9042F1-0B61-4793-B7B9-DF228BDD7FD0}.Debug|Any CPU.ActiveCfg = Debug|Any CPU
		{9E9042F1-0B61-4793-B7B9-DF228BDD7FD0}.Debug|Any CPU.Build.0 = Debug|Any CPU
		{9E9042F1-0B61-4793-B7B9-DF228BDD7FD0}.Debug|ARM.ActiveCfg = Debug|Any CPU
		{9E9042F1-0B61-4793-B7B9-DF228BDD7FD0}.Debug|ARM.Build.0 = Debug|Any CPU
		{9E9042F1-0B61-4793-B7B9-DF228BDD7FD0}.Debug|ARM64.ActiveCfg = Debug|Any CPU
		{9E9042F1-0B61-4793-B7B9-DF228BDD7FD0}.Debug|ARM64.Build.0 = Debug|Any CPU
		{9E9042F1-0B61-4793-B7B9-DF228BDD7FD0}.Debug|iPhone.ActiveCfg = Debug|Any CPU
		{9E9042F1-0B61-4793-B7B9-DF228BDD7FD0}.Debug|iPhone.Build.0 = Debug|Any CPU
		{9E9042F1-0B61-4793-B7B9-DF228BDD7FD0}.Debug|iPhoneSimulator.ActiveCfg = Debug|Any CPU
		{9E9042F1-0B61-4793-B7B9-DF228BDD7FD0}.Debug|iPhoneSimulator.Build.0 = Debug|Any CPU
		{9E9042F1-0B61-4793-B7B9-DF228BDD7FD0}.Debug|x64.ActiveCfg = Debug|Any CPU
		{9E9042F1-0B61-4793-B7B9-DF228BDD7FD0}.Debug|x64.Build.0 = Debug|Any CPU
		{9E9042F1-0B61-4793-B7B9-DF228BDD7FD0}.Debug|x86.ActiveCfg = Debug|Any CPU
		{9E9042F1-0B61-4793-B7B9-DF228BDD7FD0}.Debug|x86.Build.0 = Debug|Any CPU
		{9E9042F1-0B61-4793-B7B9-DF228BDD7FD0}.Release|Any CPU.ActiveCfg = Release|Any CPU
		{9E9042F1-0B61-4793-B7B9-DF228BDD7FD0}.Release|Any CPU.Build.0 = Release|Any CPU
		{9E9042F1-0B61-4793-B7B9-DF228BDD7FD0}.Release|ARM.ActiveCfg = Release|Any CPU
		{9E9042F1-0B61-4793-B7B9-DF228BDD7FD0}.Release|ARM.Build.0 = Release|Any CPU
		{9E9042F1-0B61-4793-B7B9-DF228BDD7FD0}.Release|ARM64.ActiveCfg = Release|Any CPU
		{9E9042F1-0B61-4793-B7B9-DF228BDD7FD0}.Release|ARM64.Build.0 = Release|Any CPU
		{9E9042F1-0B61-4793-B7B9-DF228BDD7FD0}.Release|iPhone.ActiveCfg = Release|Any CPU
		{9E9042F1-0B61-4793-B7B9-DF228BDD7FD0}.Release|iPhone.Build.0 = Release|Any CPU
		{9E9042F1-0B61-4793-B7B9-DF228BDD7FD0}.Release|iPhoneSimulator.ActiveCfg = Release|Any CPU
		{9E9042F1-0B61-4793-B7B9-DF228BDD7FD0}.Release|iPhoneSimulator.Build.0 = Release|Any CPU
		{9E9042F1-0B61-4793-B7B9-DF228BDD7FD0}.Release|x64.ActiveCfg = Release|Any CPU
		{9E9042F1-0B61-4793-B7B9-DF228BDD7FD0}.Release|x64.Build.0 = Release|Any CPU
		{9E9042F1-0B61-4793-B7B9-DF228BDD7FD0}.Release|x86.ActiveCfg = Release|Any CPU
		{9E9042F1-0B61-4793-B7B9-DF228BDD7FD0}.Release|x86.Build.0 = Release|Any CPU
		{0AD7A785-499D-4AD7-87AC-5A15128B08E4}.Ad-Hoc|Any CPU.ActiveCfg = Debug|Any CPU
		{0AD7A785-499D-4AD7-87AC-5A15128B08E4}.Ad-Hoc|Any CPU.Build.0 = Debug|Any CPU
		{0AD7A785-499D-4AD7-87AC-5A15128B08E4}.Ad-Hoc|ARM.ActiveCfg = Debug|Any CPU
		{0AD7A785-499D-4AD7-87AC-5A15128B08E4}.Ad-Hoc|ARM.Build.0 = Debug|Any CPU
		{0AD7A785-499D-4AD7-87AC-5A15128B08E4}.Ad-Hoc|ARM64.ActiveCfg = Debug|Any CPU
		{0AD7A785-499D-4AD7-87AC-5A15128B08E4}.Ad-Hoc|ARM64.Build.0 = Debug|Any CPU
		{0AD7A785-499D-4AD7-87AC-5A15128B08E4}.Ad-Hoc|iPhone.ActiveCfg = Debug|Any CPU
		{0AD7A785-499D-4AD7-87AC-5A15128B08E4}.Ad-Hoc|iPhone.Build.0 = Debug|Any CPU
		{0AD7A785-499D-4AD7-87AC-5A15128B08E4}.Ad-Hoc|iPhoneSimulator.ActiveCfg = Debug|Any CPU
		{0AD7A785-499D-4AD7-87AC-5A15128B08E4}.Ad-Hoc|iPhoneSimulator.Build.0 = Debug|Any CPU
		{0AD7A785-499D-4AD7-87AC-5A15128B08E4}.Ad-Hoc|x64.ActiveCfg = Debug|Any CPU
		{0AD7A785-499D-4AD7-87AC-5A15128B08E4}.Ad-Hoc|x64.Build.0 = Debug|Any CPU
		{0AD7A785-499D-4AD7-87AC-5A15128B08E4}.Ad-Hoc|x86.ActiveCfg = Debug|Any CPU
		{0AD7A785-499D-4AD7-87AC-5A15128B08E4}.Ad-Hoc|x86.Build.0 = Debug|Any CPU
		{0AD7A785-499D-4AD7-87AC-5A15128B08E4}.AppStore|Any CPU.ActiveCfg = Debug|Any CPU
		{0AD7A785-499D-4AD7-87AC-5A15128B08E4}.AppStore|Any CPU.Build.0 = Debug|Any CPU
		{0AD7A785-499D-4AD7-87AC-5A15128B08E4}.AppStore|ARM.ActiveCfg = Debug|Any CPU
		{0AD7A785-499D-4AD7-87AC-5A15128B08E4}.AppStore|ARM.Build.0 = Debug|Any CPU
		{0AD7A785-499D-4AD7-87AC-5A15128B08E4}.AppStore|ARM64.ActiveCfg = Debug|Any CPU
		{0AD7A785-499D-4AD7-87AC-5A15128B08E4}.AppStore|ARM64.Build.0 = Debug|Any CPU
		{0AD7A785-499D-4AD7-87AC-5A15128B08E4}.AppStore|iPhone.ActiveCfg = Debug|Any CPU
		{0AD7A785-499D-4AD7-87AC-5A15128B08E4}.AppStore|iPhone.Build.0 = Debug|Any CPU
		{0AD7A785-499D-4AD7-87AC-5A15128B08E4}.AppStore|iPhoneSimulator.ActiveCfg = Debug|Any CPU
		{0AD7A785-499D-4AD7-87AC-5A15128B08E4}.AppStore|iPhoneSimulator.Build.0 = Debug|Any CPU
		{0AD7A785-499D-4AD7-87AC-5A15128B08E4}.AppStore|x64.ActiveCfg = Debug|Any CPU
		{0AD7A785-499D-4AD7-87AC-5A15128B08E4}.AppStore|x64.Build.0 = Debug|Any CPU
		{0AD7A785-499D-4AD7-87AC-5A15128B08E4}.AppStore|x86.ActiveCfg = Debug|Any CPU
		{0AD7A785-499D-4AD7-87AC-5A15128B08E4}.AppStore|x86.Build.0 = Debug|Any CPU
		{0AD7A785-499D-4AD7-87AC-5A15128B08E4}.Debug|Any CPU.ActiveCfg = Debug|Any CPU
		{0AD7A785-499D-4AD7-87AC-5A15128B08E4}.Debug|Any CPU.Build.0 = Debug|Any CPU
		{0AD7A785-499D-4AD7-87AC-5A15128B08E4}.Debug|ARM.ActiveCfg = Debug|Any CPU
		{0AD7A785-499D-4AD7-87AC-5A15128B08E4}.Debug|ARM.Build.0 = Debug|Any CPU
		{0AD7A785-499D-4AD7-87AC-5A15128B08E4}.Debug|ARM64.ActiveCfg = Debug|Any CPU
		{0AD7A785-499D-4AD7-87AC-5A15128B08E4}.Debug|ARM64.Build.0 = Debug|Any CPU
		{0AD7A785-499D-4AD7-87AC-5A15128B08E4}.Debug|iPhone.ActiveCfg = Debug|Any CPU
		{0AD7A785-499D-4AD7-87AC-5A15128B08E4}.Debug|iPhone.Build.0 = Debug|Any CPU
		{0AD7A785-499D-4AD7-87AC-5A15128B08E4}.Debug|iPhoneSimulator.ActiveCfg = Debug|Any CPU
		{0AD7A785-499D-4AD7-87AC-5A15128B08E4}.Debug|iPhoneSimulator.Build.0 = Debug|Any CPU
		{0AD7A785-499D-4AD7-87AC-5A15128B08E4}.Debug|x64.ActiveCfg = Debug|Any CPU
		{0AD7A785-499D-4AD7-87AC-5A15128B08E4}.Debug|x64.Build.0 = Debug|Any CPU
		{0AD7A785-499D-4AD7-87AC-5A15128B08E4}.Debug|x86.ActiveCfg = Debug|Any CPU
		{0AD7A785-499D-4AD7-87AC-5A15128B08E4}.Debug|x86.Build.0 = Debug|Any CPU
		{0AD7A785-499D-4AD7-87AC-5A15128B08E4}.Release|Any CPU.ActiveCfg = Release|Any CPU
		{0AD7A785-499D-4AD7-87AC-5A15128B08E4}.Release|Any CPU.Build.0 = Release|Any CPU
		{0AD7A785-499D-4AD7-87AC-5A15128B08E4}.Release|ARM.ActiveCfg = Release|Any CPU
		{0AD7A785-499D-4AD7-87AC-5A15128B08E4}.Release|ARM.Build.0 = Release|Any CPU
		{0AD7A785-499D-4AD7-87AC-5A15128B08E4}.Release|ARM64.ActiveCfg = Release|Any CPU
		{0AD7A785-499D-4AD7-87AC-5A15128B08E4}.Release|ARM64.Build.0 = Release|Any CPU
		{0AD7A785-499D-4AD7-87AC-5A15128B08E4}.Release|iPhone.ActiveCfg = Release|Any CPU
		{0AD7A785-499D-4AD7-87AC-5A15128B08E4}.Release|iPhone.Build.0 = Release|Any CPU
		{0AD7A785-499D-4AD7-87AC-5A15128B08E4}.Release|iPhoneSimulator.ActiveCfg = Release|Any CPU
		{0AD7A785-499D-4AD7-87AC-5A15128B08E4}.Release|iPhoneSimulator.Build.0 = Release|Any CPU
		{0AD7A785-499D-4AD7-87AC-5A15128B08E4}.Release|x64.ActiveCfg = Release|Any CPU
		{0AD7A785-499D-4AD7-87AC-5A15128B08E4}.Release|x64.Build.0 = Release|Any CPU
		{0AD7A785-499D-4AD7-87AC-5A15128B08E4}.Release|x86.ActiveCfg = Release|Any CPU
		{0AD7A785-499D-4AD7-87AC-5A15128B08E4}.Release|x86.Build.0 = Release|Any CPU
	EndGlobalSection
	GlobalSection(SolutionProperties) = preSolution
		HideSolutionNode = FALSE
	EndGlobalSection
	GlobalSection(NestedProjects) = preSolution
		{104AA6B3-43D5-49C4-80E6-0153F9CDB7F3} = {F318B0C2-EE91-4CD2-AB88-C97DA5368CBA}
		{055415D2-1B52-4B40-8ACA-E93C3EFD5E6E} = {F318B0C2-EE91-4CD2-AB88-C97DA5368CBA}
		{C0A98D7A-13F7-4128-BC44-F8E07BAFD335} = {F318B0C2-EE91-4CD2-AB88-C97DA5368CBA}
		{1F21D918-C77A-4B30-AE1B-EE10565D431E} = {F318B0C2-EE91-4CD2-AB88-C97DA5368CBA}
		{A4F015BE-7A3F-4992-9E61-909BFA23FA86} = {F318B0C2-EE91-4CD2-AB88-C97DA5368CBA}
		{8C409194-0899-4E64-AC1A-5DF9FC54C8B1} = {F318B0C2-EE91-4CD2-AB88-C97DA5368CBA}
		{C287C28A-40F1-405C-8290-1C8D812A4D02} = {F318B0C2-EE91-4CD2-AB88-C97DA5368CBA}
		{9E9042F1-0B61-4793-B7B9-DF228BDD7FD0} = {F318B0C2-EE91-4CD2-AB88-C97DA5368CBA}
		{0AD7A785-499D-4AD7-87AC-5A15128B08E4} = {F318B0C2-EE91-4CD2-AB88-C97DA5368CBA}
	EndGlobalSection
	GlobalSection(ExtensibilityGlobals) = postSolution
		SolutionGuid = {20A94EA0-7C8B-4E4A-96A9-B33B80910B7A}
	EndGlobalSection
EndGlobal
